// !$*UTF8*$!
{
	archiveVersion = 1;
	classes = {
	};
	objectVersion = 50;
	objects = {

/* Begin PBXBuildFile section */
		D85D09D9249821C900397814 /* AppDelegate.swift in Sources */ = {isa = PBXBuildFile; fileRef = D85D09D8249821C900397814 /* AppDelegate.swift */; };
		D85D09DB249821C900397814 /* ViewController.swift in Sources */ = {isa = PBXBuildFile; fileRef = D85D09DA249821C900397814 /* ViewController.swift */; };
		D85D09DE249821C900397814 /* Main.storyboard in Resources */ = {isa = PBXBuildFile; fileRef = D85D09DC249821C900397814 /* Main.storyboard */; };
		D85D09E0249821CA00397814 /* Assets.xcassets in Resources */ = {isa = PBXBuildFile; fileRef = D85D09DF249821CA00397814 /* Assets.xcassets */; };
		D85D09E3249821CA00397814 /* LaunchScreen.storyboard in Resources */ = {isa = PBXBuildFile; fileRef = D85D09E1249821CA00397814 /* LaunchScreen.storyboard */; };
		D85D09EE249821CA00397814 /* hello_world_1UITests.swift in Sources */ = {isa = PBXBuildFile; fileRef = D85D09ED249821CA00397814 /* hello_world_1UITests.swift */; };
		D8F6501224A6463F00EDC1A1 /* Readme in Resources */ = {isa = PBXBuildFile; fileRef = D8F6501124A6463F00EDC1A1 /* Readme */; };
/* End PBXBuildFile section */

/* Begin PBXContainerItemProxy section */
		D85D09EA249821CA00397814 /* PBXContainerItemProxy */ = {
			isa = PBXContainerItemProxy;
			containerPortal = D85D09CD249821C900397814 /* Project object */;
			proxyType = 1;
			remoteGlobalIDString = D85D09D4249821C900397814;
			remoteInfo = hello_world_1;
		};
/* End PBXContainerItemProxy section */

/* Begin PBXFileReference section */
		D85D09D5249821C900397814 /* hello_world_1.app */ = {isa = PBXFileReference; explicitFileType = wrapper.application; includeInIndex = 0; path = hello_world_1.app; sourceTree = BUILT_PRODUCTS_DIR; };
		D85D09D8249821C900397814 /* AppDelegate.swift */ = {isa = PBXFileReference; lastKnownFileType = sourcecode.swift; path = AppDelegate.swift; sourceTree = "<group>"; };
		D85D09DA249821C900397814 /* ViewController.swift */ = {isa = PBXFileReference; lastKnownFileType = sourcecode.swift; path = ViewController.swift; sourceTree = "<group>"; };
		D85D09DD249821C900397814 /* Base */ = {isa = PBXFileReference; lastKnownFileType = file.storyboard; name = Base; path = Base.lproj/Main.storyboard; sourceTree = "<group>"; };
		D85D09DF249821CA00397814 /* Assets.xcassets */ = {isa = PBXFileReference; lastKnownFileType = folder.assetcatalog; path = Assets.xcassets; sourceTree = "<group>"; };
		D85D09E2249821CA00397814 /* Base */ = {isa = PBXFileReference; lastKnownFileType = file.storyboard; name = Base; path = Base.lproj/LaunchScreen.storyboard; sourceTree = "<group>"; };
		D85D09E4249821CA00397814 /* Info.plist */ = {isa = PBXFileReference; lastKnownFileType = text.plist.xml; path = Info.plist; sourceTree = "<group>"; };
		D85D09E9249821CA00397814 /* hello_world_1UITests.xctest */ = {isa = PBXFileReference; explicitFileType = wrapper.cfbundle; includeInIndex = 0; path = hello_world_1UITests.xctest; sourceTree = BUILT_PRODUCTS_DIR; };
		D85D09ED249821CA00397814 /* hello_world_1UITests.swift */ = {isa = PBXFileReference; lastKnownFileType = sourcecode.swift; path = hello_world_1UITests.swift; sourceTree = "<group>"; };
		D85D09EF249821CA00397814 /* Info.plist */ = {isa = PBXFileReference; lastKnownFileType = text.plist.xml; path = Info.plist; sourceTree = "<group>"; };
		D8F6501124A6463F00EDC1A1 /* Readme */ = {isa = PBXFileReference; lastKnownFileType = text; path = Readme; sourceTree = "<group>"; };
/* End PBXFileReference section */

/* Begin PBXFrameworksBuildPhase section */
		D85D09D2249821C900397814 /* Frameworks */ = {
			isa = PBXFrameworksBuildPhase;
			buildActionMask = 2147483647;
			files = (
			);
			runOnlyForDeploymentPostprocessing = 0;
		};
		D85D09E6249821CA00397814 /* Frameworks */ = {
			isa = PBXFrameworksBuildPhase;
			buildActionMask = 2147483647;
			files = (
			);
			runOnlyForDeploymentPostprocessing = 0;
		};
/* End PBXFrameworksBuildPhase section */

/* Begin PBXGroup section */
		D85D09CC249821C900397814 = {
			isa = PBXGroup;
			children = (
				D85D09D7249821C900397814 /* hello_world_1 */,
				D85D09EC249821CA00397814 /* hello_world_1UITests */,
				D85D09D6249821C900397814 /* Products */,
			);
			sourceTree = "<group>";
		};
		D85D09D6249821C900397814 /* Products */ = {
			isa = PBXGroup;
			children = (
				D85D09D5249821C900397814 /* hello_world_1.app */,
				D85D09E9249821CA00397814 /* hello_world_1UITests.xctest */,
			);
			name = Products;
			sourceTree = "<group>";
		};
		D85D09D7249821C900397814 /* hello_world_1 */ = {
			isa = PBXGroup;
			children = (
				D85D09D8249821C900397814 /* AppDelegate.swift */,
				D85D09DA249821C900397814 /* ViewController.swift */,
				D85D09DC249821C900397814 /* Main.storyboard */,
				D85D09DF249821CA00397814 /* Assets.xcassets */,
				D85D09E1249821CA00397814 /* LaunchScreen.storyboard */,
				D85D09E4249821CA00397814 /* Info.plist */,
			);
			path = hello_world_1;
			sourceTree = "<group>";
		};
		D85D09EC249821CA00397814 /* hello_world_1UITests */ = {
			isa = PBXGroup;
			children = (
				D85D09ED249821CA00397814 /* hello_world_1UITests.swift */,
				D85D09EF249821CA00397814 /* Info.plist */,
				D8F6501124A6463F00EDC1A1 /* Readme */,
			);
			path = hello_world_1UITests;
			sourceTree = "<group>";
		};
/* End PBXGroup section */

/* Begin PBXNativeTarget section */
		D85D09D4249821C900397814 /* hello_world_1 */ = {
			isa = PBXNativeTarget;
			buildConfigurationList = D85D09F2249821CA00397814 /* Build configuration list for PBXNativeTarget "hello_world_1" */;
			buildPhases = (
				D85D09D1249821C900397814 /* Sources */,
				D85D09D2249821C900397814 /* Frameworks */,
				D85D09D3249821C900397814 /* Resources */,
			);
			buildRules = (
			);
			dependencies = (
			);
			name = hello_world_1;
			productName = hello_world_1;
			productReference = D85D09D5249821C900397814 /* hello_world_1.app */;
			productType = "com.apple.product-type.application";
		};
		D85D09E8249821CA00397814 /* hello_world_1UITests */ = {
			isa = PBXNativeTarget;
			buildConfigurationList = D85D09F5249821CA00397814 /* Build configuration list for PBXNativeTarget "hello_world_1UITests" */;
			buildPhases = (
				D85D09E5249821CA00397814 /* Sources */,
				D85D09E6249821CA00397814 /* Frameworks */,
				D85D09E7249821CA00397814 /* Resources */,
			);
			buildRules = (
			);
			dependencies = (
				D85D09EB249821CA00397814 /* PBXTargetDependency */,
			);
			name = hello_world_1UITests;
			productName = hello_world_1UITests;
			productReference = D85D09E9249821CA00397814 /* hello_world_1UITests.xctest */;
			productType = "com.apple.product-type.bundle.ui-testing";
		};
/* End PBXNativeTarget section */

/* Begin PBXProject section */
		D85D09CD249821C900397814 /* Project object */ = {
			isa = PBXProject;
			attributes = {
				LastSwiftUpdateCheck = 1030;
				LastUpgradeCheck = 1030;
				ORGANIZATIONNAME = "Betiana Castro";
				TargetAttributes = {
					D85D09D4249821C900397814 = {
						CreatedOnToolsVersion = 10.3;
					};
					D85D09E8249821CA00397814 = {
						CreatedOnToolsVersion = 10.3;
						TestTargetID = D85D09D4249821C900397814;
					};
				};
			};
			buildConfigurationList = D85D09D0249821C900397814 /* Build configuration list for PBXProject "hello_world_1" */;
			compatibilityVersion = "Xcode 9.3";
			developmentRegion = en;
			hasScannedForEncodings = 0;
			knownRegions = (
				en,
				Base,
			);
			mainGroup = D85D09CC249821C900397814;
			productRefGroup = D85D09D6249821C900397814 /* Products */;
			projectDirPath = "";
			projectRoot = "";
			targets = (
				D85D09D4249821C900397814 /* hello_world_1 */,
				D85D09E8249821CA00397814 /* hello_world_1UITests */,
			);
		};
/* End PBXProject section */

/* Begin PBXResourcesBuildPhase section */
		D85D09D3249821C900397814 /* Resources */ = {
			isa = PBXResourcesBuildPhase;
			buildActionMask = 2147483647;
			files = (
				D85D09E3249821CA00397814 /* LaunchScreen.storyboard in Resources */,
				D85D09E0249821CA00397814 /* Assets.xcassets in Resources */,
				D85D09DE249821C900397814 /* Main.storyboard in Resources */,
			);
			runOnlyForDeploymentPostprocessing = 0;
		};
		D85D09E7249821CA00397814 /* Resources */ = {
			isa = PBXResourcesBuildPhase;
			buildActionMask = 2147483647;
			files = (
				D8F6501224A6463F00EDC1A1 /* Readme in Resources */,
			);
			runOnlyForDeploymentPostprocessing = 0;
		};
/* End PBXResourcesBuildPhase section */

/* Begin PBXSourcesBuildPhase section */
		D85D09D1249821C900397814 /* Sources */ = {
			isa = PBXSourcesBuildPhase;
			buildActionMask = 2147483647;
			files = (
				D85D09DB249821C900397814 /* ViewController.swift in Sources */,
				D85D09D9249821C900397814 /* AppDelegate.swift in Sources */,
			);
			runOnlyForDeploymentPostprocessing = 0;
		};
		D85D09E5249821CA00397814 /* Sources */ = {
			isa = PBXSourcesBuildPhase;
			buildActionMask = 2147483647;
			files = (
				D85D09EE249821CA00397814 /* hello_world_1UITests.swift in Sources */,
			);
			runOnlyForDeploymentPostprocessing = 0;
		};
/* End PBXSourcesBuildPhase section */

/* Begin PBXTargetDependency section */
		D85D09EB249821CA00397814 /* PBXTargetDependency */ = {
			isa = PBXTargetDependency;
			target = D85D09D4249821C900397814 /* hello_world_1 */;
			targetProxy = D85D09EA249821CA00397814 /* PBXContainerItemProxy */;
		};
/* End PBXTargetDependency section */

/* Begin PBXVariantGroup section */
		D85D09DC249821C900397814 /* Main.storyboard */ = {
			isa = PBXVariantGroup;
			children = (
				D85D09DD249821C900397814 /* Base */,
			);
			name = Main.storyboard;
			sourceTree = "<group>";
		};
		D85D09E1249821CA00397814 /* LaunchScreen.storyboard */ = {
			isa = PBXVariantGroup;
			children = (
				D85D09E2249821CA00397814 /* Base */,
			);
			name = LaunchScreen.storyboard;
			sourceTree = "<group>";
		};
/* End PBXVariantGroup section */

/* Begin XCBuildConfiguration section */
		D85D09F0249821CA00397814 /* Debug */ = {
			isa = XCBuildConfiguration;
			buildSettings = {
				ALWAYS_SEARCH_USER_PATHS = NO;
				CLANG_ANALYZER_NONNULL = YES;
				CLANG_ANALYZER_NUMBER_OBJECT_CONVERSION = YES_AGGRESSIVE;
				CLANG_CXX_LANGUAGE_STANDARD = "gnu++14";
				CLANG_CXX_LIBRARY = "libc++";
				CLANG_ENABLE_MODULES = YES;
				CLANG_ENABLE_OBJC_ARC = YES;
				CLANG_ENABLE_OBJC_WEAK = YES;
				CLANG_WARN_BLOCK_CAPTURE_AUTORELEASING = YES;
				CLANG_WARN_BOOL_CONVERSION = YES;
				CLANG_WARN_COMMA = YES;
				CLANG_WARN_CONSTANT_CONVERSION = YES;
				CLANG_WARN_DEPRECATED_OBJC_IMPLEMENTATIONS = YES;
				CLANG_WARN_DIRECT_OBJC_ISA_USAGE = YES_ERROR;
				CLANG_WARN_DOCUMENTATION_COMMENTS = YES;
				CLANG_WARN_EMPTY_BODY = YES;
				CLANG_WARN_ENUM_CONVERSION = YES;
				CLANG_WARN_INFINITE_RECURSION = YES;
				CLANG_WARN_INT_CONVERSION = YES;
				CLANG_WARN_NON_LITERAL_NULL_CONVERSION = YES;
				CLANG_WARN_OBJC_IMPLICIT_RETAIN_SELF = YES;
				CLANG_WARN_OBJC_LITERAL_CONVERSION = YES;
				CLANG_WARN_OBJC_ROOT_CLASS = YES_ERROR;
				CLANG_WARN_RANGE_LOOP_ANALYSIS = YES;
				CLANG_WARN_STRICT_PROTOTYPES = YES;
				CLANG_WARN_SUSPICIOUS_MOVE = YES;
				CLANG_WARN_UNGUARDED_AVAILABILITY = YES_AGGRESSIVE;
				CLANG_WARN_UNREACHABLE_CODE = YES;
				CLANG_WARN__DUPLICATE_METHOD_MATCH = YES;
				CODE_SIGN_IDENTITY = "iPhone Developer";
				COPY_PHASE_STRIP = NO;
				DEBUG_INFORMATION_FORMAT = dwarf;
				ENABLE_STRICT_OBJC_MSGSEND = YES;
				ENABLE_TESTABILITY = YES;
				GCC_C_LANGUAGE_STANDARD = gnu11;
				GCC_DYNAMIC_NO_PIC = NO;
				GCC_NO_COMMON_BLOCKS = YES;
				GCC_OPTIMIZATION_LEVEL = 0;
				GCC_PREPROCESSOR_DEFINITIONS = (
					"DEBUG=1",
					"$(inherited)",
				);
				GCC_WARN_64_TO_32_BIT_CONVERSION = YES;
				GCC_WARN_ABOUT_RETURN_TYPE = YES_ERROR;
				GCC_WARN_UNDECLARED_SELECTOR = YES;
				GCC_WARN_UNINITIALIZED_AUTOS = YES_AGGRESSIVE;
				GCC_WARN_UNUSED_FUNCTION = YES;
				GCC_WARN_UNUSED_VARIABLE = YES;
				IPHONEOS_DEPLOYMENT_TARGET = 12.4;
				MTL_ENABLE_DEBUG_INFO = INCLUDE_SOURCE;
				MTL_FAST_MATH = YES;
				ONLY_ACTIVE_ARCH = YES;
				SDKROOT = iphoneos;
				SWIFT_ACTIVE_COMPILATION_CONDITIONS = DEBUG;
				SWIFT_OPTIMIZATION_LEVEL = "-Onone";
			};
			name = Debug;
		};
		D85D09F1249821CA00397814 /* Release */ = {
			isa = XCBuildConfiguration;
			buildSettings = {
				ALWAYS_SEARCH_USER_PATHS = NO;
				CLANG_ANALYZER_NONNULL = YES;
				CLANG_ANALYZER_NUMBER_OBJECT_CONVERSION = YES_AGGRESSIVE;
				CLANG_CXX_LANGUAGE_STANDARD = "gnu++14";
				CLANG_CXX_LIBRARY = "libc++";
				CLANG_ENABLE_MODULES = YES;
				CLANG_ENABLE_OBJC_ARC = YES;
				CLANG_ENABLE_OBJC_WEAK = YES;
				CLANG_WARN_BLOCK_CAPTURE_AUTORELEASING = YES;
				CLANG_WARN_BOOL_CONVERSION = YES;
				CLANG_WARN_COMMA = YES;
				CLANG_WARN_CONSTANT_CONVERSION = YES;
				CLANG_WARN_DEPRECATED_OBJC_IMPLEMENTATIONS = YES;
				CLANG_WARN_DIRECT_OBJC_ISA_USAGE = YES_ERROR;
				CLANG_WARN_DOCUMENTATION_COMMENTS = YES;
				CLANG_WARN_EMPTY_BODY = YES;
				CLANG_WARN_ENUM_CONVERSION = YES;
				CLANG_WARN_INFINITE_RECURSION = YES;
				CLANG_WARN_INT_CONVERSION = YES;
				CLANG_WARN_NON_LITERAL_NULL_CONVERSION = YES;
				CLANG_WARN_OBJC_IMPLICIT_RETAIN_SELF = YES;
				CLANG_WARN_OBJC_LITERAL_CONVERSION = YES;
				CLANG_WARN_OBJC_ROOT_CLASS = YES_ERROR;
				CLANG_WARN_RANGE_LOOP_ANALYSIS = YES;
				CLANG_WARN_STRICT_PROTOTYPES = YES;
				CLANG_WARN_SUSPICIOUS_MOVE = YES;
				CLANG_WARN_UNGUARDED_AVAILABILITY = YES_AGGRESSIVE;
				CLANG_WARN_UNREACHABLE_CODE = YES;
				CLANG_WARN__DUPLICATE_METHOD_MATCH = YES;
				CODE_SIGN_IDENTITY = "iPhone Developer";
				COPY_PHASE_STRIP = NO;
				DEBUG_INFORMATION_FORMAT = "dwarf-with-dsym";
				ENABLE_NS_ASSERTIONS = NO;
				ENABLE_STRICT_OBJC_MSGSEND = YES;
				GCC_C_LANGUAGE_STANDARD = gnu11;
				GCC_NO_COMMON_BLOCKS = YES;
				GCC_WARN_64_TO_32_BIT_CONVERSION = YES;
				GCC_WARN_ABOUT_RETURN_TYPE = YES_ERROR;
				GCC_WARN_UNDECLARED_SELECTOR = YES;
				GCC_WARN_UNINITIALIZED_AUTOS = YES_AGGRESSIVE;
				GCC_WARN_UNUSED_FUNCTION = YES;
				GCC_WARN_UNUSED_VARIABLE = YES;
				IPHONEOS_DEPLOYMENT_TARGET = 12.4;
				MTL_ENABLE_DEBUG_INFO = NO;
				MTL_FAST_MATH = YES;
				SDKROOT = iphoneos;
				SWIFT_COMPILATION_MODE = wholemodule;
				SWIFT_OPTIMIZATION_LEVEL = "-O";
				VALIDATE_PRODUCT = YES;
			};
			name = Release;
		};
		D85D09F3249821CA00397814 /* Debug */ = {
			isa = XCBuildConfiguration;
			buildSettings = {
				ASSETCATALOG_COMPILER_APPICON_NAME = AppIcon;
				CODE_SIGN_STYLE = Automatic;
				DEVELOPMENT_TEAM = S8C9HRGK6Y;
				INFOPLIST_FILE = hello_world_1/Info.plist;
				LD_RUNPATH_SEARCH_PATHS = (
					"$(inherited)",
					"@executable_path/Frameworks",
				);
				PRODUCT_BUNDLE_IDENTIFIER = "io.appiumBC.hello-world-1";
				PRODUCT_NAME = "$(TARGET_NAME)";
				SWIFT_VERSION = 5.0;
				TARGETED_DEVICE_FAMILY = "1,2";
			};
			name = Debug;
		};
		D85D09F4249821CA00397814 /* Release */ = {
			isa = XCBuildConfiguration;
			buildSettings = {
				ASSETCATALOG_COMPILER_APPICON_NAME = AppIcon;
				CODE_SIGN_STYLE = Automatic;
				DEVELOPMENT_TEAM = S8C9HRGK6Y;
				INFOPLIST_FILE = hello_world_1/Info.plist;
				LD_RUNPATH_SEARCH_PATHS = (
					"$(inherited)",
					"@executable_path/Frameworks",
				);
				PRODUCT_BUNDLE_IDENTIFIER = "io.appiumBC.hello-world-1";
				PRODUCT_NAME = "$(TARGET_NAME)";
				SWIFT_VERSION = 5.0;
				TARGETED_DEVICE_FAMILY = "1,2";
			};
			name = Release;
		};
		D85D09F6249821CA00397814 /* Debug */ = {
			isa = XCBuildConfiguration;
			buildSettings = {
				ALWAYS_EMBED_SWIFT_STANDARD_LIBRARIES = YES;
				CODE_SIGN_STYLE = Automatic;
				DEVELOPMENT_TEAM = S8C9HRGK6Y;
				INFOPLIST_FILE = hello_world_1UITests/Info.plist;
				LD_RUNPATH_SEARCH_PATHS = (
					"$(inherited)",
					"@executable_path/Frameworks",
					"@loader_path/Frameworks",
				);
				PRODUCT_BUNDLE_IDENTIFIER = "io.appiumBC.hello-world-1UITests";
				PRODUCT_NAME = "$(TARGET_NAME)";
				SWIFT_VERSION = 5.0;
				TARGETED_DEVICE_FAMILY = "1,2";
				TEST_TARGET_NAME = hello_world_1;
			};
			name = Debug;
		};
		D85D09F7249821CA00397814 /* Release */ = {
			isa = XCBuildConfiguration;
			buildSettings = {
				ALWAYS_EMBED_SWIFT_STANDARD_LIBRARIES = YES;
				CODE_SIGN_STYLE = Automatic;
				DEVELOPMENT_TEAM = S8C9HRGK6Y;
				INFOPLIST_FILE = hello_world_1UITests/Info.plist;
				LD_RUNPATH_SEARCH_PATHS = (
					"$(inherited)",
					"@executable_path/Frameworks",
					"@loader_path/Frameworks",
				);
				PRODUCT_BUNDLE_IDENTIFIER = "io.appiumBC.hello-world-1UITests";
				PRODUCT_NAME = "$(TARGET_NAME)";
				SWIFT_VERSION = 5.0;
				TARGETED_DEVICE_FAMILY = "1,2";
				TEST_TARGET_NAME = hello_world_1;
			};
			name = Release;
		};
/* End XCBuildConfiguration section */

/* Begin XCConfigurationList section */
		D85D09D0249821C900397814 /* Build configuration list for PBXProject "hello_world_1" */ = {
			isa = XCConfigurationList;
			buildConfigurations = (
				D85D09F0249821CA00397814 /* Debug */,
				D85D09F1249821CA00397814 /* Release */,
			);
			defaultConfigurationIsVisible = 0;
			defaultConfigurationName = Release;
		};
		D85D09F2249821CA00397814 /* Build configuration list for PBXNativeTarget "hello_world_1" */ = {
			isa = XCConfigurationList;
			buildConfigurations = (
				D85D09F3249821CA00397814 /* Debug */,
				D85D09F4249821CA00397814 /* Release */,
			);
			defaultConfigurationIsVisible = 0;
			defaultConfigurationName = Release;
		};
		D85D09F5249821CA00397814 /* Build configuration list for PBXNativeTarget "hello_world_1UITests" */ = {
			isa = XCConfigurationList;
			buildConfigurations = (
				D85D09F6249821CA00397814 /* Debug */,
				D85D09F7249821CA00397814 /* Release */,
			);
			defaultConfigurationIsVisible = 0;
			defaultConfigurationName = Release;
		};
/* End XCConfigurationList section */
	};
	rootObject = D85D09CD249821C900397814 /* Project object */;
}
